// !$*UTF8*$!
{
	archiveVersion = 1;
	classes = {
	};
	objectVersion = 51;
	objects = {

/* Begin PBXBuildFile section */
		2C52AC2E265CF63F00BE0D1A /* SimpleValidationViewController.swift in Sources */ = {isa = PBXBuildFile; fileRef = 2C52AC2D265CF63F00BE0D1A /* SimpleValidationViewController.swift */; };
		2C52AC31265CFDC300BE0D1A /* Simplevalidation.storyboard in Resources */ = {isa = PBXBuildFile; fileRef = 2C52AC2F265CFDC300BE0D1A /* Simplevalidation.storyboard */; };
		2CCEC016265B512C0048C79E /* AppDelegate.swift in Sources */ = {isa = PBXBuildFile; fileRef = 2CCEC015265B512C0048C79E /* AppDelegate.swift */; };
		2CCEC018265B512C0048C79E /* SceneDelegate.swift in Sources */ = {isa = PBXBuildFile; fileRef = 2CCEC017265B512C0048C79E /* SceneDelegate.swift */; };
		2CCEC01A265B512C0048C79E /* ViewController.swift in Sources */ = {isa = PBXBuildFile; fileRef = 2CCEC019265B512C0048C79E /* ViewController.swift */; };
		2CCEC01D265B512C0048C79E /* Main.storyboard in Resources */ = {isa = PBXBuildFile; fileRef = 2CCEC01B265B512C0048C79E /* Main.storyboard */; };
		2CCEC01F265B512D0048C79E /* Assets.xcassets in Resources */ = {isa = PBXBuildFile; fileRef = 2CCEC01E265B512D0048C79E /* Assets.xcassets */; };
		2CCEC022265B512D0048C79E /* LaunchScreen.storyboard in Resources */ = {isa = PBXBuildFile; fileRef = 2CCEC020265B512D0048C79E /* LaunchScreen.storyboard */; };
		2CCEC02D265B512E0048C79E /* RXSwiftDemoTests.swift in Sources */ = {isa = PBXBuildFile; fileRef = 2CCEC02C265B512E0048C79E /* RXSwiftDemoTests.swift */; };
		2CCEC038265B512E0048C79E /* RXSwiftDemoUITests.swift in Sources */ = {isa = PBXBuildFile; fileRef = 2CCEC037265B512E0048C79E /* RXSwiftDemoUITests.swift */; };
		3FECAD1AF63BD3B4F1BB66F0 /* Pods_RXSwiftDemo.framework in Frameworks */ = {isa = PBXBuildFile; fileRef = B66262C9B5A7138A4B486B68 /* Pods_RXSwiftDemo.framework */; };
		CFB78BE8FE13238A6748984B /* Pods_RXSwiftDemoTests.framework in Frameworks */ = {isa = PBXBuildFile; fileRef = 1820610116CFFC62F999DA55 /* Pods_RXSwiftDemoTests.framework */; };
		E8D42DA5F8686297535ECB33 /* Pods_RXSwiftDemo_RXSwiftDemoUITests.framework in Frameworks */ = {isa = PBXBuildFile; fileRef = 58C99B67BBC18A5FC773E702 /* Pods_RXSwiftDemo_RXSwiftDemoUITests.framework */; };
/* End PBXBuildFile section */

/* Begin PBXContainerItemProxy section */
		2CCEC029265B512E0048C79E /* PBXContainerItemProxy */ = {
			isa = PBXContainerItemProxy;
			containerPortal = 2CCEC00A265B512C0048C79E /* Project object */;
			proxyType = 1;
			remoteGlobalIDString = 2CCEC011265B512C0048C79E;
			remoteInfo = RXSwiftDemo;
		};
		2CCEC034265B512E0048C79E /* PBXContainerItemProxy */ = {
			isa = PBXContainerItemProxy;
			containerPortal = 2CCEC00A265B512C0048C79E /* Project object */;
			proxyType = 1;
			remoteGlobalIDString = 2CCEC011265B512C0048C79E;
			remoteInfo = RXSwiftDemo;
		};
/* End PBXContainerItemProxy section */

/* Begin PBXFileReference section */
		04508DB8925CE8B69CE90E8B /* Pods-RXSwiftDemo-RXSwiftDemoUITests.release.xcconfig */ = {isa = PBXFileReference; includeInIndex = 1; lastKnownFileType = text.xcconfig; name = "Pods-RXSwiftDemo-RXSwiftDemoUITests.release.xcconfig"; path = "Target Support Files/Pods-RXSwiftDemo-RXSwiftDemoUITests/Pods-RXSwiftDemo-RXSwiftDemoUITests.release.xcconfig"; sourceTree = "<group>"; };
		1820610116CFFC62F999DA55 /* Pods_RXSwiftDemoTests.framework */ = {isa = PBXFileReference; explicitFileType = wrapper.framework; includeInIndex = 0; path = Pods_RXSwiftDemoTests.framework; sourceTree = BUILT_PRODUCTS_DIR; };
		2C52AC2D265CF63F00BE0D1A /* SimpleValidationViewController.swift */ = {isa = PBXFileReference; lastKnownFileType = sourcecode.swift; path = SimpleValidationViewController.swift; sourceTree = "<group>"; };
		2C52AC30265CFDC300BE0D1A /* Base */ = {isa = PBXFileReference; lastKnownFileType = file.storyboard; name = Base; path = RXSwiftDemo/Base.lproj/Simplevalidation.storyboard; sourceTree = SOURCE_ROOT; };
		2CCEC012265B512C0048C79E /* RXSwiftDemo.app */ = {isa = PBXFileReference; explicitFileType = wrapper.application; includeInIndex = 0; path = RXSwiftDemo.app; sourceTree = BUILT_PRODUCTS_DIR; };
		2CCEC015265B512C0048C79E /* AppDelegate.swift */ = {isa = PBXFileReference; lastKnownFileType = sourcecode.swift; path = AppDelegate.swift; sourceTree = "<group>"; };
		2CCEC017265B512C0048C79E /* SceneDelegate.swift */ = {isa = PBXFileReference; lastKnownFileType = sourcecode.swift; path = SceneDelegate.swift; sourceTree = "<group>"; };
		2CCEC019265B512C0048C79E /* ViewController.swift */ = {isa = PBXFileReference; lastKnownFileType = sourcecode.swift; path = ViewController.swift; sourceTree = "<group>"; };
		2CCEC01C265B512C0048C79E /* Base */ = {isa = PBXFileReference; lastKnownFileType = file.storyboard; name = Base; path = Base.lproj/Main.storyboard; sourceTree = "<group>"; };
		2CCEC01E265B512D0048C79E /* Assets.xcassets */ = {isa = PBXFileReference; lastKnownFileType = folder.assetcatalog; path = Assets.xcassets; sourceTree = "<group>"; };
		2CCEC021265B512D0048C79E /* Base */ = {isa = PBXFileReference; lastKnownFileType = file.storyboard; name = Base; path = Base.lproj/LaunchScreen.storyboard; sourceTree = "<group>"; };
		2CCEC023265B512D0048C79E /* Info.plist */ = {isa = PBXFileReference; lastKnownFileType = text.plist.xml; path = Info.plist; sourceTree = "<group>"; };
		2CCEC028265B512E0048C79E /* RXSwiftDemoTests.xctest */ = {isa = PBXFileReference; explicitFileType = wrapper.cfbundle; includeInIndex = 0; path = RXSwiftDemoTests.xctest; sourceTree = BUILT_PRODUCTS_DIR; };
		2CCEC02C265B512E0048C79E /* RXSwiftDemoTests.swift */ = {isa = PBXFileReference; lastKnownFileType = sourcecode.swift; path = RXSwiftDemoTests.swift; sourceTree = "<group>"; };
		2CCEC02E265B512E0048C79E /* Info.plist */ = {isa = PBXFileReference; lastKnownFileType = text.plist.xml; path = Info.plist; sourceTree = "<group>"; };
		2CCEC033265B512E0048C79E /* RXSwiftDemoUITests.xctest */ = {isa = PBXFileReference; explicitFileType = wrapper.cfbundle; includeInIndex = 0; path = RXSwiftDemoUITests.xctest; sourceTree = BUILT_PRODUCTS_DIR; };
		2CCEC037265B512E0048C79E /* RXSwiftDemoUITests.swift */ = {isa = PBXFileReference; lastKnownFileType = sourcecode.swift; path = RXSwiftDemoUITests.swift; sourceTree = "<group>"; };
		2CCEC039265B512E0048C79E /* Info.plist */ = {isa = PBXFileReference; lastKnownFileType = text.plist.xml; path = Info.plist; sourceTree = "<group>"; };
		2CCEC046265B9CFE0048C79E /* MyPlayground.playground */ = {isa = PBXFileReference; lastKnownFileType = file.playground; path = MyPlayground.playground; sourceTree = "<group>"; };
		3F3FEB95FE6C8C1E21FC431A /* Pods-RXSwiftDemo-RXSwiftDemoUITests.debug.xcconfig */ = {isa = PBXFileReference; includeInIndex = 1; lastKnownFileType = text.xcconfig; name = "Pods-RXSwiftDemo-RXSwiftDemoUITests.debug.xcconfig"; path = "Target Support Files/Pods-RXSwiftDemo-RXSwiftDemoUITests/Pods-RXSwiftDemo-RXSwiftDemoUITests.debug.xcconfig"; sourceTree = "<group>"; };
		58C99B67BBC18A5FC773E702 /* Pods_RXSwiftDemo_RXSwiftDemoUITests.framework */ = {isa = PBXFileReference; explicitFileType = wrapper.framework; includeInIndex = 0; path = Pods_RXSwiftDemo_RXSwiftDemoUITests.framework; sourceTree = BUILT_PRODUCTS_DIR; };
		67A23FF6EC4C92CDC44786BF /* Pods-RXSwiftDemo.debug.xcconfig */ = {isa = PBXFileReference; includeInIndex = 1; lastKnownFileType = text.xcconfig; name = "Pods-RXSwiftDemo.debug.xcconfig"; path = "Target Support Files/Pods-RXSwiftDemo/Pods-RXSwiftDemo.debug.xcconfig"; sourceTree = "<group>"; };
		6BAC3EF1112933D72459A0BA /* Pods-RXSwiftDemoTests.release.xcconfig */ = {isa = PBXFileReference; includeInIndex = 1; lastKnownFileType = text.xcconfig; name = "Pods-RXSwiftDemoTests.release.xcconfig"; path = "Target Support Files/Pods-RXSwiftDemoTests/Pods-RXSwiftDemoTests.release.xcconfig"; sourceTree = "<group>"; };
		AFC5E2189F8A0E2E829915EF /* Pods-RXSwiftDemoTests.debug.xcconfig */ = {isa = PBXFileReference; includeInIndex = 1; lastKnownFileType = text.xcconfig; name = "Pods-RXSwiftDemoTests.debug.xcconfig"; path = "Target Support Files/Pods-RXSwiftDemoTests/Pods-RXSwiftDemoTests.debug.xcconfig"; sourceTree = "<group>"; };
		B66262C9B5A7138A4B486B68 /* Pods_RXSwiftDemo.framework */ = {isa = PBXFileReference; explicitFileType = wrapper.framework; includeInIndex = 0; path = Pods_RXSwiftDemo.framework; sourceTree = BUILT_PRODUCTS_DIR; };
		DEBCD343714467D822536977 /* Pods-RXSwiftDemo.release.xcconfig */ = {isa = PBXFileReference; includeInIndex = 1; lastKnownFileType = text.xcconfig; name = "Pods-RXSwiftDemo.release.xcconfig"; path = "Target Support Files/Pods-RXSwiftDemo/Pods-RXSwiftDemo.release.xcconfig"; sourceTree = "<group>"; };
/* End PBXFileReference section */

/* Begin PBXFrameworksBuildPhase section */
		2CCEC00F265B512C0048C79E /* Frameworks */ = {
			isa = PBXFrameworksBuildPhase;
			buildActionMask = 2147483647;
			files = (
				3FECAD1AF63BD3B4F1BB66F0 /* Pods_RXSwiftDemo.framework in Frameworks */,
			);
			runOnlyForDeploymentPostprocessing = 0;
		};
		2CCEC025265B512E0048C79E /* Frameworks */ = {
			isa = PBXFrameworksBuildPhase;
			buildActionMask = 2147483647;
			files = (
				CFB78BE8FE13238A6748984B /* Pods_RXSwiftDemoTests.framework in Frameworks */,
			);
			runOnlyForDeploymentPostprocessing = 0;
		};
		2CCEC030265B512E0048C79E /* Frameworks */ = {
			isa = PBXFrameworksBuildPhase;
			buildActionMask = 2147483647;
			files = (
				E8D42DA5F8686297535ECB33 /* Pods_RXSwiftDemo_RXSwiftDemoUITests.framework in Frameworks */,
			);
			runOnlyForDeploymentPostprocessing = 0;
		};
/* End PBXFrameworksBuildPhase section */

/* Begin PBXGroup section */
		23EA7E37F616EC2BC7AB0FAD /* Pods */ = {
			isa = PBXGroup;
			children = (
				67A23FF6EC4C92CDC44786BF /* Pods-RXSwiftDemo.debug.xcconfig */,
				DEBCD343714467D822536977 /* Pods-RXSwiftDemo.release.xcconfig */,
				3F3FEB95FE6C8C1E21FC431A /* Pods-RXSwiftDemo-RXSwiftDemoUITests.debug.xcconfig */,
				04508DB8925CE8B69CE90E8B /* Pods-RXSwiftDemo-RXSwiftDemoUITests.release.xcconfig */,
				AFC5E2189F8A0E2E829915EF /* Pods-RXSwiftDemoTests.debug.xcconfig */,
				6BAC3EF1112933D72459A0BA /* Pods-RXSwiftDemoTests.release.xcconfig */,
			);
			path = Pods;
			sourceTree = "<group>";
		};
		2581ECFD5F9A1F8DC2377633 /* Frameworks */ = {
			isa = PBXGroup;
			children = (
				B66262C9B5A7138A4B486B68 /* Pods_RXSwiftDemo.framework */,
				58C99B67BBC18A5FC773E702 /* Pods_RXSwiftDemo_RXSwiftDemoUITests.framework */,
				1820610116CFFC62F999DA55 /* Pods_RXSwiftDemoTests.framework */,
			);
			name = Frameworks;
			sourceTree = "<group>";
		};
		2C52ABED265CEF0400BE0D1A /* Example */ = {
			isa = PBXGroup;
			children = (
				2C52ABEE265CEF1300BE0D1A /* SimpleValidation */,
			);
			path = Example;
			sourceTree = "<group>";
		};
		2C52ABEE265CEF1300BE0D1A /* SimpleValidation */ = {
			isa = PBXGroup;
			children = (
				2C52AC2F265CFDC300BE0D1A /* Simplevalidation.storyboard */,
				2C52AC2D265CF63F00BE0D1A /* SimpleValidationViewController.swift */,
			);
			path = SimpleValidation;
			sourceTree = "<group>";
		};
		2CCEC009265B512C0048C79E = {
			isa = PBXGroup;
			children = (
				2CCEC046265B9CFE0048C79E /* MyPlayground.playground */,
				2CCEC014265B512C0048C79E /* RXSwiftDemo */,
				2CCEC02B265B512E0048C79E /* RXSwiftDemoTests */,
				2CCEC036265B512E0048C79E /* RXSwiftDemoUITests */,
				2CCEC013265B512C0048C79E /* Products */,
				23EA7E37F616EC2BC7AB0FAD /* Pods */,
				2581ECFD5F9A1F8DC2377633 /* Frameworks */,
			);
			sourceTree = "<group>";
		};
		2CCEC013265B512C0048C79E /* Products */ = {
			isa = PBXGroup;
			children = (
				2CCEC012265B512C0048C79E /* RXSwiftDemo.app */,
				2CCEC028265B512E0048C79E /* RXSwiftDemoTests.xctest */,
				2CCEC033265B512E0048C79E /* RXSwiftDemoUITests.xctest */,
			);
			name = Products;
			sourceTree = "<group>";
		};
		2CCEC014265B512C0048C79E /* RXSwiftDemo */ = {
			isa = PBXGroup;
			children = (
				2C52ABED265CEF0400BE0D1A /* Example */,
				2CCEC015265B512C0048C79E /* AppDelegate.swift */,
				2CCEC017265B512C0048C79E /* SceneDelegate.swift */,
				2CCEC019265B512C0048C79E /* ViewController.swift */,
				2CCEC01B265B512C0048C79E /* Main.storyboard */,
				2CCEC01E265B512D0048C79E /* Assets.xcassets */,
				2CCEC020265B512D0048C79E /* LaunchScreen.storyboard */,
				2CCEC023265B512D0048C79E /* Info.plist */,
			);
			path = RXSwiftDemo;
			sourceTree = "<group>";
		};
		2CCEC02B265B512E0048C79E /* RXSwiftDemoTests */ = {
			isa = PBXGroup;
			children = (
				2CCEC02C265B512E0048C79E /* RXSwiftDemoTests.swift */,
				2CCEC02E265B512E0048C79E /* Info.plist */,
			);
			path = RXSwiftDemoTests;
			sourceTree = "<group>";
		};
		2CCEC036265B512E0048C79E /* RXSwiftDemoUITests */ = {
			isa = PBXGroup;
			children = (
				2CCEC037265B512E0048C79E /* RXSwiftDemoUITests.swift */,
				2CCEC039265B512E0048C79E /* Info.plist */,
			);
			path = RXSwiftDemoUITests;
			sourceTree = "<group>";
		};
/* End PBXGroup section */

/* Begin PBXNativeTarget section */
		2CCEC011265B512C0048C79E /* RXSwiftDemo */ = {
			isa = PBXNativeTarget;
			buildConfigurationList = 2CCEC03C265B512E0048C79E /* Build configuration list for PBXNativeTarget "RXSwiftDemo" */;
			buildPhases = (
				58072D6D4D3FE536753FFD2E /* [CP] Check Pods Manifest.lock */,
				2CCEC00E265B512C0048C79E /* Sources */,
				2CCEC00F265B512C0048C79E /* Frameworks */,
				2CCEC010265B512C0048C79E /* Resources */,
				FBD3FBD082712D3C957E5BD4 /* [CP] Embed Pods Frameworks */,
			);
			buildRules = (
			);
			dependencies = (
			);
			name = RXSwiftDemo;
			productName = RXSwiftDemo;
			productReference = 2CCEC012265B512C0048C79E /* RXSwiftDemo.app */;
			productType = "com.apple.product-type.application";
		};
		2CCEC027265B512E0048C79E /* RXSwiftDemoTests */ = {
			isa = PBXNativeTarget;
			buildConfigurationList = 2CCEC03F265B512E0048C79E /* Build configuration list for PBXNativeTarget "RXSwiftDemoTests" */;
			buildPhases = (
				5408FBB604702FB2CB2663EC /* [CP] Check Pods Manifest.lock */,
				2CCEC024265B512E0048C79E /* Sources */,
				2CCEC025265B512E0048C79E /* Frameworks */,
				2CCEC026265B512E0048C79E /* Resources */,
			);
			buildRules = (
			);
			dependencies = (
				2CCEC02A265B512E0048C79E /* PBXTargetDependency */,
			);
			name = RXSwiftDemoTests;
			productName = RXSwiftDemoTests;
			productReference = 2CCEC028265B512E0048C79E /* RXSwiftDemoTests.xctest */;
			productType = "com.apple.product-type.bundle.unit-test";
		};
		2CCEC032265B512E0048C79E /* RXSwiftDemoUITests */ = {
			isa = PBXNativeTarget;
			buildConfigurationList = 2CCEC042265B512E0048C79E /* Build configuration list for PBXNativeTarget "RXSwiftDemoUITests" */;
			buildPhases = (
				C06A943A2DB8603B3A31A556 /* [CP] Check Pods Manifest.lock */,
				2CCEC02F265B512E0048C79E /* Sources */,
				2CCEC030265B512E0048C79E /* Frameworks */,
				2CCEC031265B512E0048C79E /* Resources */,
				90570BA5AECC163BBBF5DCD6 /* [CP] Embed Pods Frameworks */,
			);
			buildRules = (
			);
			dependencies = (
				2CCEC035265B512E0048C79E /* PBXTargetDependency */,
			);
			name = RXSwiftDemoUITests;
			productName = RXSwiftDemoUITests;
			productReference = 2CCEC033265B512E0048C79E /* RXSwiftDemoUITests.xctest */;
			productType = "com.apple.product-type.bundle.ui-testing";
		};
/* End PBXNativeTarget section */

/* Begin PBXProject section */
		2CCEC00A265B512C0048C79E /* Project object */ = {
			isa = PBXProject;
			attributes = {
				LastSwiftUpdateCheck = 1250;
				LastUpgradeCheck = 1250;
				TargetAttributes = {
					2CCEC011265B512C0048C79E = {
						CreatedOnToolsVersion = 12.5;
					};
					2CCEC027265B512E0048C79E = {
						CreatedOnToolsVersion = 12.5;
						TestTargetID = 2CCEC011265B512C0048C79E;
					};
					2CCEC032265B512E0048C79E = {
						CreatedOnToolsVersion = 12.5;
						TestTargetID = 2CCEC011265B512C0048C79E;
					};
				};
			};
			buildConfigurationList = 2CCEC00D265B512C0048C79E /* Build configuration list for PBXProject "RXSwiftDemo" */;
			compatibilityVersion = "Xcode 9.3";
			developmentRegion = en;
			hasScannedForEncodings = 0;
			knownRegions = (
				en,
				Base,
			);
			mainGroup = 2CCEC009265B512C0048C79E;
			productRefGroup = 2CCEC013265B512C0048C79E /* Products */;
			projectDirPath = "";
			projectRoot = "";
			targets = (
				2CCEC011265B512C0048C79E /* RXSwiftDemo */,
				2CCEC027265B512E0048C79E /* RXSwiftDemoTests */,
				2CCEC032265B512E0048C79E /* RXSwiftDemoUITests */,
			);
		};
/* End PBXProject section */

/* Begin PBXResourcesBuildPhase section */
		2CCEC010265B512C0048C79E /* Resources */ = {
			isa = PBXResourcesBuildPhase;
			buildActionMask = 2147483647;
			files = (
				2CCEC022265B512D0048C79E /* LaunchScreen.storyboard in Resources */,
				2CCEC01F265B512D0048C79E /* Assets.xcassets in Resources */,
				2CCEC01D265B512C0048C79E /* Main.storyboard in Resources */,
				2C52AC31265CFDC300BE0D1A /* Simplevalidation.storyboard in Resources */,
			);
			runOnlyForDeploymentPostprocessing = 0;
		};
		2CCEC026265B512E0048C79E /* Resources */ = {
			isa = PBXResourcesBuildPhase;
			buildActionMask = 2147483647;
			files = (
			);
			runOnlyForDeploymentPostprocessing = 0;
		};
		2CCEC031265B512E0048C79E /* Resources */ = {
			isa = PBXResourcesBuildPhase;
			buildActionMask = 2147483647;
			files = (
			);
			runOnlyForDeploymentPostprocessing = 0;
		};
/* End PBXResourcesBuildPhase section */

/* Begin PBXShellScriptBuildPhase section */
		5408FBB604702FB2CB2663EC /* [CP] Check Pods Manifest.lock */ = {
			isa = PBXShellScriptBuildPhase;
			buildActionMask = 2147483647;
			files = (
			);
			inputFileListPaths = (
			);
			inputPaths = (
				"${PODS_PODFILE_DIR_PATH}/Podfile.lock",
				"${PODS_ROOT}/Manifest.lock",
			);
			name = "[CP] Check Pods Manifest.lock";
			outputFileListPaths = (
			);
			outputPaths = (
				"$(DERIVED_FILE_DIR)/Pods-RXSwiftDemoTests-checkManifestLockResult.txt",
			);
			runOnlyForDeploymentPostprocessing = 0;
			shellPath = /bin/sh;
			shellScript = "diff \"${PODS_PODFILE_DIR_PATH}/Podfile.lock\" \"${PODS_ROOT}/Manifest.lock\" > /dev/null\nif [ $? != 0 ] ; then\n    # print error to STDERR\n    echo \"error: The sandbox is not in sync with the Podfile.lock. Run 'pod install' or update your CocoaPods installation.\" >&2\n    exit 1\nfi\n# This output is used by Xcode 'outputs' to avoid re-running this script phase.\necho \"SUCCESS\" > \"${SCRIPT_OUTPUT_FILE_0}\"\n";
			showEnvVarsInLog = 0;
		};
		58072D6D4D3FE536753FFD2E /* [CP] Check Pods Manifest.lock */ = {
			isa = PBXShellScriptBuildPhase;
			buildActionMask = 2147483647;
			files = (
			);
			inputFileListPaths = (
			);
			inputPaths = (
				"${PODS_PODFILE_DIR_PATH}/Podfile.lock",
				"${PODS_ROOT}/Manifest.lock",
			);
			name = "[CP] Check Pods Manifest.lock";
			outputFileListPaths = (
			);
			outputPaths = (
				"$(DERIVED_FILE_DIR)/Pods-RXSwiftDemo-checkManifestLockResult.txt",
			);
			runOnlyForDeploymentPostprocessing = 0;
			shellPath = /bin/sh;
			shellScript = "diff \"${PODS_PODFILE_DIR_PATH}/Podfile.lock\" \"${PODS_ROOT}/Manifest.lock\" > /dev/null\nif [ $? != 0 ] ; then\n    # print error to STDERR\n    echo \"error: The sandbox is not in sync with the Podfile.lock. Run 'pod install' or update your CocoaPods installation.\" >&2\n    exit 1\nfi\n# This output is used by Xcode 'outputs' to avoid re-running this script phase.\necho \"SUCCESS\" > \"${SCRIPT_OUTPUT_FILE_0}\"\n";
			showEnvVarsInLog = 0;
		};
		90570BA5AECC163BBBF5DCD6 /* [CP] Embed Pods Frameworks */ = {
			isa = PBXShellScriptBuildPhase;
			buildActionMask = 2147483647;
			files = (
			);
			inputFileListPaths = (
				"${PODS_ROOT}/Target Support Files/Pods-RXSwiftDemo-RXSwiftDemoUITests/Pods-RXSwiftDemo-RXSwiftDemoUITests-frameworks-${CONFIGURATION}-input-files.xcfilelist",
			);
			name = "[CP] Embed Pods Frameworks";
			outputFileListPaths = (
				"${PODS_ROOT}/Target Support Files/Pods-RXSwiftDemo-RXSwiftDemoUITests/Pods-RXSwiftDemo-RXSwiftDemoUITests-frameworks-${CONFIGURATION}-output-files.xcfilelist",
			);
			runOnlyForDeploymentPostprocessing = 0;
			shellPath = /bin/sh;
			shellScript = "\"${PODS_ROOT}/Target Support Files/Pods-RXSwiftDemo-RXSwiftDemoUITests/Pods-RXSwiftDemo-RXSwiftDemoUITests-frameworks.sh\"\n";
			showEnvVarsInLog = 0;
		};
		C06A943A2DB8603B3A31A556 /* [CP] Check Pods Manifest.lock */ = {
			isa = PBXShellScriptBuildPhase;
			buildActionMask = 2147483647;
			files = (
			);
			inputFileListPaths = (
			);
			inputPaths = (
				"${PODS_PODFILE_DIR_PATH}/Podfile.lock",
				"${PODS_ROOT}/Manifest.lock",
			);
			name = "[CP] Check Pods Manifest.lock";
			outputFileListPaths = (
			);
			outputPaths = (
				"$(DERIVED_FILE_DIR)/Pods-RXSwiftDemo-RXSwiftDemoUITests-checkManifestLockResult.txt",
			);
			runOnlyForDeploymentPostprocessing = 0;
			shellPath = /bin/sh;
			shellScript = "diff \"${PODS_PODFILE_DIR_PATH}/Podfile.lock\" \"${PODS_ROOT}/Manifest.lock\" > /dev/null\nif [ $? != 0 ] ; then\n    # print error to STDERR\n    echo \"error: The sandbox is not in sync with the Podfile.lock. Run 'pod install' or update your CocoaPods installation.\" >&2\n    exit 1\nfi\n# This output is used by Xcode 'outputs' to avoid re-running this script phase.\necho \"SUCCESS\" > \"${SCRIPT_OUTPUT_FILE_0}\"\n";
			showEnvVarsInLog = 0;
		};
		FBD3FBD082712D3C957E5BD4 /* [CP] Embed Pods Frameworks */ = {
			isa = PBXShellScriptBuildPhase;
			buildActionMask = 2147483647;
			files = (
			);
			inputFileListPaths = (
				"${PODS_ROOT}/Target Support Files/Pods-RXSwiftDemo/Pods-RXSwiftDemo-frameworks-${CONFIGURATION}-input-files.xcfilelist",
			);
			name = "[CP] Embed Pods Frameworks";
			outputFileListPaths = (
				"${PODS_ROOT}/Target Support Files/Pods-RXSwiftDemo/Pods-RXSwiftDemo-frameworks-${CONFIGURATION}-output-files.xcfilelist",
			);
			runOnlyForDeploymentPostprocessing = 0;
			shellPath = /bin/sh;
			shellScript = "\"${PODS_ROOT}/Target Support Files/Pods-RXSwiftDemo/Pods-RXSwiftDemo-frameworks.sh\"\n";
			showEnvVarsInLog = 0;
		};
/* End PBXShellScriptBuildPhase section */

/* Begin PBXSourcesBuildPhase section */
		2CCEC00E265B512C0048C79E /* Sources */ = {
			isa = PBXSourcesBuildPhase;
			buildActionMask = 2147483647;
			files = (
				2CCEC01A265B512C0048C79E /* ViewController.swift in Sources */,
				2CCEC016265B512C0048C79E /* AppDelegate.swift in Sources */,
				2CCEC018265B512C0048C79E /* SceneDelegate.swift in Sources */,
				2C52AC2E265CF63F00BE0D1A /* SimpleValidationViewController.swift in Sources */,
			);
			runOnlyForDeploymentPostprocessing = 0;
		};
		2CCEC024265B512E0048C79E /* Sources */ = {
			isa = PBXSourcesBuildPhase;
			buildActionMask = 2147483647;
			files = (
				2CCEC02D265B512E0048C79E /* RXSwiftDemoTests.swift in Sources */,
			);
			runOnlyForDeploymentPostprocessing = 0;
		};
		2CCEC02F265B512E0048C79E /* Sources */ = {
			isa = PBXSourcesBuildPhase;
			buildActionMask = 2147483647;
			files = (
				2CCEC038265B512E0048C79E /* RXSwiftDemoUITests.swift in Sources */,
			);
			runOnlyForDeploymentPostprocessing = 0;
		};
/* End PBXSourcesBuildPhase section */

/* Begin PBXTargetDependency section */
		2CCEC02A265B512E0048C79E /* PBXTargetDependency */ = {
			isa = PBXTargetDependency;
			target = 2CCEC011265B512C0048C79E /* RXSwiftDemo */;
			targetProxy = 2CCEC029265B512E0048C79E /* PBXContainerItemProxy */;
		};
		2CCEC035265B512E0048C79E /* PBXTargetDependency */ = {
			isa = PBXTargetDependency;
			target = 2CCEC011265B512C0048C79E /* RXSwiftDemo */;
			targetProxy = 2CCEC034265B512E0048C79E /* PBXContainerItemProxy */;
		};
/* End PBXTargetDependency section */

/* Begin PBXVariantGroup section */
		2C52AC2F265CFDC300BE0D1A /* Simplevalidation.storyboard */ = {
			isa = PBXVariantGroup;
			children = (
				2C52AC30265CFDC300BE0D1A /* Base */,
			);
			name = Simplevalidation.storyboard;
			sourceTree = "<group>";
		};
		2CCEC01B265B512C0048C79E /* Main.storyboard */ = {
			isa = PBXVariantGroup;
			children = (
				2CCEC01C265B512C0048C79E /* Base */,
			);
			name = Main.storyboard;
			sourceTree = "<group>";
		};
		2CCEC020265B512D0048C79E /* LaunchScreen.storyboard */ = {
			isa = PBXVariantGroup;
			children = (
				2CCEC021265B512D0048C79E /* Base */,
			);
			name = LaunchScreen.storyboard;
			sourceTree = "<group>";
		};
/* End PBXVariantGroup section */

/* Begin XCBuildConfiguration section */
		2CCEC03A265B512E0048C79E /* Debug */ = {
			isa = XCBuildConfiguration;
			buildSettings = {
				ALWAYS_SEARCH_USER_PATHS = NO;
				CLANG_ANALYZER_NONNULL = YES;
				CLANG_ANALYZER_NUMBER_OBJECT_CONVERSION = YES_AGGRESSIVE;
				CLANG_CXX_LANGUAGE_STANDARD = "gnu++14";
				CLANG_CXX_LIBRARY = "libc++";
				CLANG_ENABLE_MODULES = YES;
				CLANG_ENABLE_OBJC_ARC = YES;
				CLANG_ENABLE_OBJC_WEAK = YES;
				CLANG_WARN_BLOCK_CAPTURE_AUTORELEASING = YES;
				CLANG_WARN_BOOL_CONVERSION = YES;
				CLANG_WARN_COMMA = YES;
				CLANG_WARN_CONSTANT_CONVERSION = YES;
				CLANG_WARN_DEPRECATED_OBJC_IMPLEMENTATIONS = YES;
				CLANG_WARN_DIRECT_OBJC_ISA_USAGE = YES_ERROR;
				CLANG_WARN_DOCUMENTATION_COMMENTS = YES;
				CLANG_WARN_EMPTY_BODY = YES;
				CLANG_WARN_ENUM_CONVERSION = YES;
				CLANG_WARN_INFINITE_RECURSION = YES;
				CLANG_WARN_INT_CONVERSION = YES;
				CLANG_WARN_NON_LITERAL_NULL_CONVERSION = YES;
				CLANG_WARN_OBJC_IMPLICIT_RETAIN_SELF = YES;
				CLANG_WARN_OBJC_LITERAL_CONVERSION = YES;
				CLANG_WARN_OBJC_ROOT_CLASS = YES_ERROR;
				CLANG_WARN_QUOTED_INCLUDE_IN_FRAMEWORK_HEADER = YES;
				CLANG_WARN_RANGE_LOOP_ANALYSIS = YES;
				CLANG_WARN_STRICT_PROTOTYPES = YES;
				CLANG_WARN_SUSPICIOUS_MOVE = YES;
				CLANG_WARN_UNGUARDED_AVAILABILITY = YES_AGGRESSIVE;
				CLANG_WARN_UNREACHABLE_CODE = YES;
				CLANG_WARN__DUPLICATE_METHOD_MATCH = YES;
				COPY_PHASE_STRIP = NO;
				DEBUG_INFORMATION_FORMAT = dwarf;
				ENABLE_STRICT_OBJC_MSGSEND = YES;
				ENABLE_TESTABILITY = YES;
				GCC_C_LANGUAGE_STANDARD = gnu11;
				GCC_DYNAMIC_NO_PIC = NO;
				GCC_NO_COMMON_BLOCKS = YES;
				GCC_OPTIMIZATION_LEVEL = 0;
				GCC_PREPROCESSOR_DEFINITIONS = (
					"DEBUG=1",
					"$(inherited)",
				);
				GCC_WARN_64_TO_32_BIT_CONVERSION = YES;
				GCC_WARN_ABOUT_RETURN_TYPE = YES_ERROR;
				GCC_WARN_UNDECLARED_SELECTOR = YES;
				GCC_WARN_UNINITIALIZED_AUTOS = YES_AGGRESSIVE;
				GCC_WARN_UNUSED_FUNCTION = YES;
				GCC_WARN_UNUSED_VARIABLE = YES;
				IPHONEOS_DEPLOYMENT_TARGET = 14.5;
				MTL_ENABLE_DEBUG_INFO = INCLUDE_SOURCE;
				MTL_FAST_MATH = YES;
				ONLY_ACTIVE_ARCH = YES;
				SDKROOT = iphoneos;
				SWIFT_ACTIVE_COMPILATION_CONDITIONS = DEBUG;
				SWIFT_OPTIMIZATION_LEVEL = "-Onone";
			};
			name = Debug;
		};
		2CCEC03B265B512E0048C79E /* Release */ = {
			isa = XCBuildConfiguration;
			buildSettings = {
				ALWAYS_SEARCH_USER_PATHS = NO;
				CLANG_ANALYZER_NONNULL = YES;
				CLANG_ANALYZER_NUMBER_OBJECT_CONVERSION = YES_AGGRESSIVE;
				CLANG_CXX_LANGUAGE_STANDARD = "gnu++14";
				CLANG_CXX_LIBRARY = "libc++";
				CLANG_ENABLE_MODULES = YES;
				CLANG_ENABLE_OBJC_ARC = YES;
				CLANG_ENABLE_OBJC_WEAK = YES;
				CLANG_WARN_BLOCK_CAPTURE_AUTORELEASING = YES;
				CLANG_WARN_BOOL_CONVERSION = YES;
				CLANG_WARN_COMMA = YES;
				CLANG_WARN_CONSTANT_CONVERSION = YES;
				CLANG_WARN_DEPRECATED_OBJC_IMPLEMENTATIONS = YES;
				CLANG_WARN_DIRECT_OBJC_ISA_USAGE = YES_ERROR;
				CLANG_WARN_DOCUMENTATION_COMMENTS = YES;
				CLANG_WARN_EMPTY_BODY = YES;
				CLANG_WARN_ENUM_CONVERSION = YES;
				CLANG_WARN_INFINITE_RECURSION = YES;
				CLANG_WARN_INT_CONVERSION = YES;
				CLANG_WARN_NON_LITERAL_NULL_CONVERSION = YES;
				CLANG_WARN_OBJC_IMPLICIT_RETAIN_SELF = YES;
				CLANG_WARN_OBJC_LITERAL_CONVERSION = YES;
				CLANG_WARN_OBJC_ROOT_CLASS = YES_ERROR;
				CLANG_WARN_QUOTED_INCLUDE_IN_FRAMEWORK_HEADER = YES;
				CLANG_WARN_RANGE_LOOP_ANALYSIS = YES;
				CLANG_WARN_STRICT_PROTOTYPES = YES;
				CLANG_WARN_SUSPICIOUS_MOVE = YES;
				CLANG_WARN_UNGUARDED_AVAILABILITY = YES_AGGRESSIVE;
				CLANG_WARN_UNREACHABLE_CODE = YES;
				CLANG_WARN__DUPLICATE_METHOD_MATCH = YES;
				COPY_PHASE_STRIP = NO;
				DEBUG_INFORMATION_FORMAT = "dwarf-with-dsym";
				ENABLE_NS_ASSERTIONS = NO;
				ENABLE_STRICT_OBJC_MSGSEND = YES;
				GCC_C_LANGUAGE_STANDARD = gnu11;
				GCC_NO_COMMON_BLOCKS = YES;
				GCC_WARN_64_TO_32_BIT_CONVERSION = YES;
				GCC_WARN_ABOUT_RETURN_TYPE = YES_ERROR;
				GCC_WARN_UNDECLARED_SELECTOR = YES;
				GCC_WARN_UNINITIALIZED_AUTOS = YES_AGGRESSIVE;
				GCC_WARN_UNUSED_FUNCTION = YES;
				GCC_WARN_UNUSED_VARIABLE = YES;
				IPHONEOS_DEPLOYMENT_TARGET = 14.5;
				MTL_ENABLE_DEBUG_INFO = NO;
				MTL_FAST_MATH = YES;
				SDKROOT = iphoneos;
				SWIFT_COMPILATION_MODE = wholemodule;
				SWIFT_OPTIMIZATION_LEVEL = "-O";
				VALIDATE_PRODUCT = YES;
			};
			name = Release;
		};
		2CCEC03D265B512E0048C79E /* Debug */ = {
			isa = XCBuildConfiguration;
			baseConfigurationReference = 67A23FF6EC4C92CDC44786BF /* Pods-RXSwiftDemo.debug.xcconfig */;
			buildSettings = {
				ASSETCATALOG_COMPILER_APPICON_NAME = AppIcon;
				ASSETCATALOG_COMPILER_GLOBAL_ACCENT_COLOR_NAME = AccentColor;
				CODE_SIGN_STYLE = Automatic;
				DEVELOPMENT_TEAM = V589294N7V;
				INFOPLIST_FILE = RXSwiftDemo/Info.plist;
				LD_RUNPATH_SEARCH_PATHS = (
					"$(inherited)",
					"@executable_path/Frameworks",
				);
				PRODUCT_BUNDLE_IDENTIFIER = adsf.RXSwiftDemo;
				PRODUCT_NAME = "$(TARGET_NAME)";
				SWIFT_VERSION = 5.0;
				TARGETED_DEVICE_FAMILY = "1,2";
			};
			name = Debug;
		};
		2CCEC03E265B512E0048C79E /* Release */ = {
			isa = XCBuildConfiguration;
			baseConfigurationReference = DEBCD343714467D822536977 /* Pods-RXSwiftDemo.release.xcconfig */;
			buildSettings = {
				ASSETCATALOG_COMPILER_APPICON_NAME = AppIcon;
				ASSETCATALOG_COMPILER_GLOBAL_ACCENT_COLOR_NAME = AccentColor;
				CODE_SIGN_STYLE = Automatic;
				DEVELOPMENT_TEAM = V589294N7V;
				INFOPLIST_FILE = RXSwiftDemo/Info.plist;
				LD_RUNPATH_SEARCH_PATHS = (
					"$(inherited)",
					"@executable_path/Frameworks",
				);
				PRODUCT_BUNDLE_IDENTIFIER = adsf.RXSwiftDemo;
				PRODUCT_NAME = "$(TARGET_NAME)";
				SWIFT_VERSION = 5.0;
				TARGETED_DEVICE_FAMILY = "1,2";
			};
			name = Release;
		};
		2CCEC040265B512E0048C79E /* Debug */ = {
			isa = XCBuildConfiguration;
			baseConfigurationReference = AFC5E2189F8A0E2E829915EF /* Pods-RXSwiftDemoTests.debug.xcconfig */;
			buildSettings = {
				ALWAYS_EMBED_SWIFT_STANDARD_LIBRARIES = YES;
				BUNDLE_LOADER = "$(TEST_HOST)";
				CODE_SIGN_STYLE = Automatic;
				DEVELOPMENT_TEAM = V589294N7V;
				INFOPLIST_FILE = RXSwiftDemoTests/Info.plist;
				IPHONEOS_DEPLOYMENT_TARGET = 14.5;
				LD_RUNPATH_SEARCH_PATHS = (
					"$(inherited)",
					"@executable_path/Frameworks",
					"@loader_path/Frameworks",
				);
				PRODUCT_BUNDLE_IDENTIFIER = adsf.RXSwiftDemoTests;
				PRODUCT_NAME = "$(TARGET_NAME)";
				SWIFT_VERSION = 5.0;
				TARGETED_DEVICE_FAMILY = "1,2";
				TEST_HOST = "$(BUILT_PRODUCTS_DIR)/RXSwiftDemo.app/RXSwiftDemo";
			};
			name = Debug;
		};
		2CCEC041265B512E0048C79E /* Release */ = {
			isa = XCBuildConfiguration;
			baseConfigurationReference = 6BAC3EF1112933D72459A0BA /* Pods-RXSwiftDemoTests.release.xcconfig */;
			buildSettings = {
				ALWAYS_EMBED_SWIFT_STANDARD_LIBRARIES = YES;
				BUNDLE_LOADER = "$(TEST_HOST)";
				CODE_SIGN_STYLE = Automatic;
				DEVELOPMENT_TEAM = V589294N7V;
				INFOPLIST_FILE = RXSwiftDemoTests/Info.plist;
				IPHONEOS_DEPLOYMENT_TARGET = 14.5;
				LD_RUNPATH_SEARCH_PATHS = (
					"$(inherited)",
					"@executable_path/Frameworks",
					"@loader_path/Frameworks",
				);
				PRODUCT_BUNDLE_IDENTIFIER = adsf.RXSwiftDemoTests;
				PRODUCT_NAME = "$(TARGET_NAME)";
				SWIFT_VERSION = 5.0;
				TARGETED_DEVICE_FAMILY = "1,2";
				TEST_HOST = "$(BUILT_PRODUCTS_DIR)/RXSwiftDemo.app/RXSwiftDemo";
			};
			name = Release;
		};
		2CCEC043265B512E0048C79E /* Debug */ = {
			isa = XCBuildConfiguration;
			baseConfigurationReference = 3F3FEB95FE6C8C1E21FC431A /* Pods-RXSwiftDemo-RXSwiftDemoUITests.debug.xcconfig */;
			buildSettings = {
				ALWAYS_EMBED_SWIFT_STANDARD_LIBRARIES = YES;
				CODE_SIGN_STYLE = Automatic;
				DEVELOPMENT_TEAM = V589294N7V;
				INFOPLIST_FILE = RXSwiftDemoUITests/Info.plist;
				LD_RUNPATH_SEARCH_PATHS = (
					"$(inherited)",
					"@executable_path/Frameworks",
					"@loader_path/Frameworks",
				);
				PRODUCT_BUNDLE_IDENTIFIER = adsf.RXSwiftDemoUITests;
				PRODUCT_NAME = "$(TARGET_NAME)";
				SWIFT_VERSION = 5.0;
				TARGETED_DEVICE_FAMILY = "1,2";
				TEST_TARGET_NAME = RXSwiftDemo;
			};
			name = Debug;
		};
		2CCEC044265B512E0048C79E /* Release */ = {
			isa = XCBuildConfiguration;
			baseConfigurationReference = 04508DB8925CE8B69CE90E8B /* Pods-RXSwiftDemo-RXSwiftDemoUITests.release.xcconfig */;
			buildSettings = {
				ALWAYS_EMBED_SWIFT_STANDARD_LIBRARIES = YES;
				CODE_SIGN_STYLE = Automatic;
				DEVELOPMENT_TEAM = V589294N7V;
				INFOPLIST_FILE = RXSwiftDemoUITests/Info.plist;
				LD_RUNPATH_SEARCH_PATHS = (
					"$(inherited)",
					"@executable_path/Frameworks",
					"@loader_path/Frameworks",
				);
				PRODUCT_BUNDLE_IDENTIFIER = adsf.RXSwiftDemoUITests;
				PRODUCT_NAME = "$(TARGET_NAME)";
				SWIFT_VERSION = 5.0;
				TARGETED_DEVICE_FAMILY = "1,2";
				TEST_TARGET_NAME = RXSwiftDemo;
			};
			name = Release;
		};
/* End XCBuildConfiguration section */

/* Begin XCConfigurationList section */
		2CCEC00D265B512C0048C79E /* Build configuration list for PBXProject "RXSwiftDemo" */ = {
			isa = XCConfigurationList;
			buildConfigurations = (
				2CCEC03A265B512E0048C79E /* Debug */,
				2CCEC03B265B512E0048C79E /* Release */,
			);
			defaultConfigurationIsVisible = 0;
			defaultConfigurationName = Release;
		};
		2CCEC03C265B512E0048C79E /* Build configuration list for PBXNativeTarget "RXSwiftDemo" */ = {
			isa = XCConfigurationList;
			buildConfigurations = (
				2CCEC03D265B512E0048C79E /* Debug */,
				2CCEC03E265B512E0048C79E /* Release */,
			);
			defaultConfigurationIsVisible = 0;
			defaultConfigurationName = Release;
		};
		2CCEC03F265B512E0048C79E /* Build configuration list for PBXNativeTarget "RXSwiftDemoTests" */ = {
			isa = XCConfigurationList;
			buildConfigurations = (
				2CCEC040265B512E0048C79E /* Debug */,
				2CCEC041265B512E0048C79E /* Release */,
			);
			defaultConfigurationIsVisible = 0;
			defaultConfigurationName = Release;
		};
		2CCEC042265B512E0048C79E /* Build configuration list for PBXNativeTarget "RXSwiftDemoUITests" */ = {
			isa = XCConfigurationList;
			buildConfigurations = (
				2CCEC043265B512E0048C79E /* Debug */,
				2CCEC044265B512E0048C79E /* Release */,
			);
			defaultConfigurationIsVisible = 0;
			defaultConfigurationName = Release;
		};
/* End XCConfigurationList section */
	};
	rootObject = 2CCEC00A265B512C0048C79E /* Project object */;
}
